
Microsoft Visual Studio Solution File, Format Version 12.00
# Visual Studio Version 17
VisualStudioVersion = 17.8.34316.72
MinimumVisualStudioVersion = 10.0.40219.1
Project("{9A19103F-16F7-4668-BE54-9A1E7A4F7556}") = "Wizards", "Wizards.csproj", "{715903C7-9AF6-432A-B7A6-D9F1FDBFAC82}"
EndProject
Project("{9A19103F-16F7-4668-BE54-9A1E7A4F7556}") = "Game", "..\Game\Game.csproj", "{E97F8059-48E2-4E64-88B6-DBBBC0BCAB6E}"
EndProject
Project("{9A19103F-16F7-4668-BE54-9A1E7A4F7556}") = "Game.Desktop", "..\Game.Desktop\Game.Desktop.csproj", "{7CE6AD36-A8DE-4893-A43D-26DB76ED27A9}"
EndProject
Global
	GlobalSection(SolutionConfigurationPlatforms) = preSolution
		Debug|Any CPU = Debug|Any CPU
		Release|Any CPU = Release|Any CPU
	EndGlobalSection
	GlobalSection(ProjectConfigurationPlatforms) = postSolution
		{715903C7-9AF6-432A-B7A6-D9F1FDBFAC82}.Debug|Any CPU.ActiveCfg = Debug|Any CPU
		{715903C7-9AF6-432A-B7A6-D9F1FDBFAC82}.Debug|Any CPU.Build.0 = Debug|Any CPU
		{715903C7-9AF6-432A-B7A6-D9F1FDBFAC82}.Release|Any CPU.ActiveCfg = Release|Any CPU
		{715903C7-9AF6-432A-B7A6-D9F1FDBFAC82}.Release|Any CPU.Build.0 = Release|Any CPU
		{E97F8059-48E2-4E64-88B6-DBBBC0BCAB6E}.Debug|Any CPU.ActiveCfg = Debug|Any CPU
		{E97F8059-48E2-4E64-88B6-DBBBC0BCAB6E}.Debug|Any CPU.Build.0 = Debug|Any CPU
		{E97F8059-48E2-4E64-88B6-DBBBC0BCAB6E}.Release|Any CPU.ActiveCfg = Release|Any CPU
		{E97F8059-48E2-4E64-88B6-DBBBC0BCAB6E}.Release|Any CPU.Build.0 = Release|Any CPU
		{7CE6AD36-A8DE-4893-A43D-26DB76ED27A9}.Debug|Any CPU.ActiveCfg = Debug|Any CPU
		{7CE6AD36-A8DE-4893-A43D-26DB76ED27A9}.Debug|Any CPU.Build.0 = Debug|Any CPU
		{7CE6AD36-A8DE-4893-A43D-26DB76ED27A9}.Release|Any CPU.ActiveCfg = Release|Any CPU
		{7CE6AD36-A8DE-4893-A43D-26DB76ED27A9}.Release|Any CPU.Build.0 = Release|Any CPU
	EndGlobalSection
	GlobalSection(SolutionProperties) = preSolution
		HideSolutionNode = FALSE
	EndGlobalSection
	GlobalSection(ExtensibilityGlobals) = postSolution
		SolutionGuid = {321FDA2E-8C98-4867-B31C-9CE5D749C417}
	EndGlobalSection
EndGlobal
